
Microsoft Visual Studio Solution File, Format Version 12.00
# Visual Studio 2013
VisualStudioVersion = 12.0.31101.0
MinimumVisualStudioVersion = 10.0.40219.1
Project("{FAE04EC0-301F-11D3-BF4B-00C04F79EFBC}") = "StartechMovies", "StartechMovies\StartechMovies.csproj", "{3B32F555-0A6E-47FB-AFF5-6B1414DDA2CF}"
EndProject
Project("{FAE04EC0-301F-11D3-BF4B-00C04F79EFBC}") = "StartechMovies.Tests", "StartechMovies.Tests\StartechMovies.Tests.csproj", "{34152C3A-748B-40CC-AF20-17465E2F3327}"
EndProject
Global
	GlobalSection(SolutionConfigurationPlatforms) = preSolution
		Debug|Any CPU = Debug|Any CPU
		Release|Any CPU = Release|Any CPU
	EndGlobalSection
	GlobalSection(ProjectConfigurationPlatforms) = postSolution
		{3B32F555-0A6E-47FB-AFF5-6B1414DDA2CF}.Debug|Any CPU.ActiveCfg = Debug|Any CPU
		{3B32F555-0A6E-47FB-AFF5-6B1414DDA2CF}.Debug|Any CPU.Build.0 = Debug|Any CPU
		{3B32F555-0A6E-47FB-AFF5-6B1414DDA2CF}.Release|Any CPU.ActiveCfg = Release|Any CPU
		{3B32F555-0A6E-47FB-AFF5-6B1414DDA2CF}.Release|Any CPU.Build.0 = Release|Any CPU
		{34152C3A-748B-40CC-AF20-17465E2F3327}.Debug|Any CPU.ActiveCfg = Debug|Any CPU
		{34152C3A-748B-40CC-AF20-17465E2F3327}.Debug|Any CPU.Build.0 = Debug|Any CPU
		{34152C3A-748B-40CC-AF20-17465E2F3327}.Release|Any CPU.ActiveCfg = Release|Any CPU
		{34152C3A-748B-40CC-AF20-17465E2F3327}.Release|Any CPU.Build.0 = Release|Any CPU
	EndGlobalSection
	GlobalSection(SolutionProperties) = preSolution
		HideSolutionNode = FALSE
	EndGlobalSection
EndGlobal
